
Microsoft Visual Studio Solution File, Format Version 12.00
# Visual Studio Version 17
VisualStudioVersion = 17.8.35230.98
MinimumVisualStudioVersion = 10.0.40219.1
Project("{FAE04EC0-301F-11D3-BF4B-00C04F79EFBC}") = "OurStory", "OurStory.csproj", "{B81F5A3D-E486-430F-9350-368108293320}"
EndProject
Global
	GlobalSection(SolutionConfigurationPlatforms) = preSolution
		Debug|Any CPU = Debug|Any CPU
		Release|Any CPU = Release|Any CPU
	EndGlobalSection
	GlobalSection(ProjectConfigurationPlatforms) = postSolution
		{B81F5A3D-E486-430F-9350-368108293320}.Debug|Any CPU.ActiveCfg = Debug|Any CPU
		{B81F5A3D-E486-430F-9350-368108293320}.Debug|Any CPU.Build.0 = Debug|Any CPU
		{B81F5A3D-E486-430F-9350-368108293320}.Release|Any CPU.ActiveCfg = Release|Any CPU
		{B81F5A3D-E486-430F-9350-368108293320}.Release|Any CPU.Build.0 = Release|Any CPU
	EndGlobalSection
	GlobalSection(SolutionProperties) = preSolution
		HideSolutionNode = FALSE
	EndGlobalSection
	GlobalSection(ExtensibilityGlobals) = postSolution
		SolutionGuid = {750E21FB-B440-49D5-9397-3DF8B22FB173}
	EndGlobalSection
EndGlobal
